// !$*UTF8*$!
{
	archiveVersion = 1;
	classes = {
	};
	objectVersion = 55;
	objects = {

/* Begin PBXBuildFile section */
		8332F88927DC7CEB00F562D0 /* AppDelegate.swift in Sources */ = {isa = PBXBuildFile; fileRef = 8332F88827DC7CEB00F562D0 /* AppDelegate.swift */; };
		8332F88B27DC7CEB00F562D0 /* SceneDelegate.swift in Sources */ = {isa = PBXBuildFile; fileRef = 8332F88A27DC7CEB00F562D0 /* SceneDelegate.swift */; };
		8332F89227DC7CEC00F562D0 /* Assets.xcassets in Resources */ = {isa = PBXBuildFile; fileRef = 8332F89127DC7CEC00F562D0 /* Assets.xcassets */; };
		8332F89527DC7CEC00F562D0 /* LaunchScreen.storyboard in Resources */ = {isa = PBXBuildFile; fileRef = 8332F89327DC7CEC00F562D0 /* LaunchScreen.storyboard */; };
		83D3B29427DD8E5E00B68997 /* Domain in Frameworks */ = {isa = PBXBuildFile; productRef = 83D3B29327DD8E5E00B68997 /* Domain */; };
		83D3B29627DD910800B68997 /* Service in Frameworks */ = {isa = PBXBuildFile; productRef = 83D3B29527DD910800B68997 /* Service */; };
		83D3B29827DDA52C00B68997 /* SceneDelegateCommand.swift in Sources */ = {isa = PBXBuildFile; fileRef = 83D3B29727DDA52C00B68997 /* SceneDelegateCommand.swift */; };
		83D3B29B27DDA55400B68997 /* FlowCommand.swift in Sources */ = {isa = PBXBuildFile; fileRef = 83D3B29A27DDA55400B68997 /* FlowCommand.swift */; };
		83D3B29D27DDA56B00B68997 /* WindowConfigurableCommand.swift in Sources */ = {isa = PBXBuildFile; fileRef = 83D3B29C27DDA56B00B68997 /* WindowConfigurableCommand.swift */; };
		83D3B2A027DDAA8000B68997 /* MovieList in Frameworks */ = {isa = PBXBuildFile; productRef = 83D3B29F27DDAA8000B68997 /* MovieList */; };
		83D3B2A327DDC2CA00B68997 /* MovieAdapterService.swift in Sources */ = {isa = PBXBuildFile; fileRef = 83D3B2A227DDC2CA00B68997 /* MovieAdapterService.swift */; };
/* End PBXBuildFile section */

/* Begin PBXContainerItemProxy section */
		8332F8B927DCF0B100F562D0 /* PBXContainerItemProxy */ = {
			isa = PBXContainerItemProxy;
			containerPortal = 8332F87D27DC7CEB00F562D0 /* Project object */;
			proxyType = 1;
			remoteGlobalIDString = 8332F88427DC7CEB00F562D0;
			remoteInfo = MovieIOS;
		};
/* End PBXContainerItemProxy section */

/* Begin PBXFileReference section */
		8332F88527DC7CEB00F562D0 /* MovieIOS.app */ = {isa = PBXFileReference; explicitFileType = wrapper.application; includeInIndex = 0; path = MovieIOS.app; sourceTree = BUILT_PRODUCTS_DIR; };
		8332F88827DC7CEB00F562D0 /* AppDelegate.swift */ = {isa = PBXFileReference; lastKnownFileType = sourcecode.swift; path = AppDelegate.swift; sourceTree = "<group>"; };
		8332F88A27DC7CEB00F562D0 /* SceneDelegate.swift */ = {isa = PBXFileReference; lastKnownFileType = sourcecode.swift; path = SceneDelegate.swift; sourceTree = "<group>"; };
		8332F89127DC7CEC00F562D0 /* Assets.xcassets */ = {isa = PBXFileReference; lastKnownFileType = folder.assetcatalog; path = Assets.xcassets; sourceTree = "<group>"; };
		8332F89427DC7CEC00F562D0 /* Base */ = {isa = PBXFileReference; lastKnownFileType = file.storyboard; name = Base; path = Base.lproj/LaunchScreen.storyboard; sourceTree = "<group>"; };
		8332F89627DC7CEC00F562D0 /* Info.plist */ = {isa = PBXFileReference; lastKnownFileType = text.plist.xml; path = Info.plist; sourceTree = "<group>"; };
		8332F89E27DC7E3500F562D0 /* Domain */ = {isa = PBXFileReference; lastKnownFileType = wrapper; path = Domain; sourceTree = "<group>"; };
		8332F89F27DC7E5300F562D0 /* Service */ = {isa = PBXFileReference; lastKnownFileType = wrapper; path = Service; sourceTree = "<group>"; };
		8332F8B527DCF0B100F562D0 /* MovieIOSTests.xctest */ = {isa = PBXFileReference; explicitFileType = wrapper.cfbundle; includeInIndex = 0; path = MovieIOSTests.xctest; sourceTree = BUILT_PRODUCTS_DIR; };
		83D3B29727DDA52C00B68997 /* SceneDelegateCommand.swift */ = {isa = PBXFileReference; lastKnownFileType = sourcecode.swift; path = SceneDelegateCommand.swift; sourceTree = "<group>"; };
		83D3B29A27DDA55400B68997 /* FlowCommand.swift */ = {isa = PBXFileReference; lastKnownFileType = sourcecode.swift; path = FlowCommand.swift; sourceTree = "<group>"; };
		83D3B29C27DDA56B00B68997 /* WindowConfigurableCommand.swift */ = {isa = PBXFileReference; lastKnownFileType = sourcecode.swift; path = WindowConfigurableCommand.swift; sourceTree = "<group>"; };
		83D3B29E27DDA5DE00B68997 /* MovieList */ = {isa = PBXFileReference; lastKnownFileType = wrapper; path = MovieList; sourceTree = "<group>"; };
		83D3B2A227DDC2CA00B68997 /* MovieAdapterService.swift */ = {isa = PBXFileReference; lastKnownFileType = sourcecode.swift; path = MovieAdapterService.swift; sourceTree = "<group>"; };
/* End PBXFileReference section */

/* Begin PBXFrameworksBuildPhase section */
		8332F88227DC7CEB00F562D0 /* Frameworks */ = {
			isa = PBXFrameworksBuildPhase;
			buildActionMask = 2147483647;
			files = (
				83D3B2A027DDAA8000B68997 /* MovieList in Frameworks */,
				83D3B29627DD910800B68997 /* Service in Frameworks */,
				83D3B29427DD8E5E00B68997 /* Domain in Frameworks */,
			);
			runOnlyForDeploymentPostprocessing = 0;
		};
		8332F8B227DCF0B100F562D0 /* Frameworks */ = {
			isa = PBXFrameworksBuildPhase;
			buildActionMask = 2147483647;
			files = (
			);
			runOnlyForDeploymentPostprocessing = 0;
		};
/* End PBXFrameworksBuildPhase section */

/* Begin PBXGroup section */
		8332F87C27DC7CEB00F562D0 = {
			isa = PBXGroup;
			children = (
				8332F89C27DC7D9E00F562D0 /* Packages */,
				8332F88727DC7CEB00F562D0 /* MovieIOS */,
				8332F8B627DCF0B100F562D0 /* MovieIOSTests */,
				8332F88627DC7CEB00F562D0 /* Products */,
				83D3B29227DD8E5E00B68997 /* Frameworks */,
			);
			sourceTree = "<group>";
		};
		8332F88627DC7CEB00F562D0 /* Products */ = {
			isa = PBXGroup;
			children = (
				8332F88527DC7CEB00F562D0 /* MovieIOS.app */,
				8332F8B527DCF0B100F562D0 /* MovieIOSTests.xctest */,
			);
			name = Products;
			sourceTree = "<group>";
		};
		8332F88727DC7CEB00F562D0 /* MovieIOS */ = {
			isa = PBXGroup;
			children = (
				83D3B2A127DDC2BC00B68997 /* Adapter */,
				8332F8A027DC7F6000F562D0 /* Application */,
				8332F89127DC7CEC00F562D0 /* Assets.xcassets */,
				8332F89327DC7CEC00F562D0 /* LaunchScreen.storyboard */,
				8332F89627DC7CEC00F562D0 /* Info.plist */,
			);
			path = MovieIOS;
			sourceTree = "<group>";
		};
		8332F89C27DC7D9E00F562D0 /* Packages */ = {
			isa = PBXGroup;
			children = (
				83D3B29E27DDA5DE00B68997 /* MovieList */,
				8332F89F27DC7E5300F562D0 /* Service */,
				8332F89E27DC7E3500F562D0 /* Domain */,
			);
			path = Packages;
			sourceTree = "<group>";
		};
		8332F8A027DC7F6000F562D0 /* Application */ = {
			isa = PBXGroup;
			children = (
				83D3B29927DDA54200B68997 /* Command */,
				8332F88827DC7CEB00F562D0 /* AppDelegate.swift */,
				8332F88A27DC7CEB00F562D0 /* SceneDelegate.swift */,
			);
			path = Application;
			sourceTree = "<group>";
		};
		8332F8B627DCF0B100F562D0 /* MovieIOSTests */ = {
			isa = PBXGroup;
			children = (
			);
			path = MovieIOSTests;
			sourceTree = "<group>";
		};
		83D3B29227DD8E5E00B68997 /* Frameworks */ = {
			isa = PBXGroup;
			children = (
			);
			name = Frameworks;
			sourceTree = "<group>";
		};
		83D3B29927DDA54200B68997 /* Command */ = {
			isa = PBXGroup;
			children = (
				83D3B29727DDA52C00B68997 /* SceneDelegateCommand.swift */,
				83D3B29A27DDA55400B68997 /* FlowCommand.swift */,
				83D3B29C27DDA56B00B68997 /* WindowConfigurableCommand.swift */,
			);
			path = Command;
			sourceTree = "<group>";
		};
		83D3B2A127DDC2BC00B68997 /* Adapter */ = {
			isa = PBXGroup;
			children = (
				83D3B2A227DDC2CA00B68997 /* MovieAdapterService.swift */,
			);
			path = Adapter;
			sourceTree = "<group>";
		};
/* End PBXGroup section */

/* Begin PBXNativeTarget section */
		8332F88427DC7CEB00F562D0 /* MovieIOS */ = {
			isa = PBXNativeTarget;
			buildConfigurationList = 8332F89927DC7CEC00F562D0 /* Build configuration list for PBXNativeTarget "MovieIOS" */;
			buildPhases = (
				8332F88127DC7CEB00F562D0 /* Sources */,
				8332F88227DC7CEB00F562D0 /* Frameworks */,
				8332F88327DC7CEB00F562D0 /* Resources */,
			);
			buildRules = (
			);
			dependencies = (
			);
			name = MovieIOS;
			packageProductDependencies = (
				83D3B29327DD8E5E00B68997 /* Domain */,
				83D3B29527DD910800B68997 /* Service */,
				83D3B29F27DDAA8000B68997 /* MovieList */,
			);
			productName = MovieIOS;
			productReference = 8332F88527DC7CEB00F562D0 /* MovieIOS.app */;
			productType = "com.apple.product-type.application";
		};
		8332F8B427DCF0B100F562D0 /* MovieIOSTests */ = {
			isa = PBXNativeTarget;
			buildConfigurationList = 8332F8BB27DCF0B100F562D0 /* Build configuration list for PBXNativeTarget "MovieIOSTests" */;
			buildPhases = (
				8332F8B127DCF0B100F562D0 /* Sources */,
				8332F8B227DCF0B100F562D0 /* Frameworks */,
				8332F8B327DCF0B100F562D0 /* Resources */,
			);
			buildRules = (
			);
			dependencies = (
				8332F8BA27DCF0B100F562D0 /* PBXTargetDependency */,
			);
			name = MovieIOSTests;
			productName = MovieIOSTests;
			productReference = 8332F8B527DCF0B100F562D0 /* MovieIOSTests.xctest */;
			productType = "com.apple.product-type.bundle.unit-test";
		};
/* End PBXNativeTarget section */

/* Begin PBXProject section */
		8332F87D27DC7CEB00F562D0 /* Project object */ = {
			isa = PBXProject;
			attributes = {
				BuildIndependentTargetsInParallel = 1;
				LastSwiftUpdateCheck = 1320;
				LastUpgradeCheck = 1320;
				TargetAttributes = {
					8332F88427DC7CEB00F562D0 = {
						CreatedOnToolsVersion = 13.2.1;
					};
					8332F8B427DCF0B100F562D0 = {
						CreatedOnToolsVersion = 13.2.1;
						LastSwiftMigration = 1320;
						TestTargetID = 8332F88427DC7CEB00F562D0;
					};
				};
			};
			buildConfigurationList = 8332F88027DC7CEB00F562D0 /* Build configuration list for PBXProject "MovieIOS" */;
			compatibilityVersion = "Xcode 13.0";
			developmentRegion = en;
			hasScannedForEncodings = 0;
			knownRegions = (
				en,
				Base,
			);
			mainGroup = 8332F87C27DC7CEB00F562D0;
			productRefGroup = 8332F88627DC7CEB00F562D0 /* Products */;
			projectDirPath = "";
			projectRoot = "";
			targets = (
				8332F88427DC7CEB00F562D0 /* MovieIOS */,
				8332F8B427DCF0B100F562D0 /* MovieIOSTests */,
			);
		};
/* End PBXProject section */

/* Begin PBXResourcesBuildPhase section */
		8332F88327DC7CEB00F562D0 /* Resources */ = {
			isa = PBXResourcesBuildPhase;
			buildActionMask = 2147483647;
			files = (
				8332F89527DC7CEC00F562D0 /* LaunchScreen.storyboard in Resources */,
				8332F89227DC7CEC00F562D0 /* Assets.xcassets in Resources */,
			);
			runOnlyForDeploymentPostprocessing = 0;
		};
		8332F8B327DCF0B100F562D0 /* Resources */ = {
			isa = PBXResourcesBuildPhase;
			buildActionMask = 2147483647;
			files = (
			);
			runOnlyForDeploymentPostprocessing = 0;
		};
/* End PBXResourcesBuildPhase section */

/* Begin PBXSourcesBuildPhase section */
		8332F88127DC7CEB00F562D0 /* Sources */ = {
			isa = PBXSourcesBuildPhase;
			buildActionMask = 2147483647;
			files = (
				83D3B2A327DDC2CA00B68997 /* MovieAdapterService.swift in Sources */,
				83D3B29B27DDA55400B68997 /* FlowCommand.swift in Sources */,
				83D3B29D27DDA56B00B68997 /* WindowConfigurableCommand.swift in Sources */,
				83D3B29827DDA52C00B68997 /* SceneDelegateCommand.swift in Sources */,
				8332F88927DC7CEB00F562D0 /* AppDelegate.swift in Sources */,
				8332F88B27DC7CEB00F562D0 /* SceneDelegate.swift in Sources */,
			);
			runOnlyForDeploymentPostprocessing = 0;
		};
		8332F8B127DCF0B100F562D0 /* Sources */ = {
			isa = PBXSourcesBuildPhase;
			buildActionMask = 2147483647;
			files = (
			);
			runOnlyForDeploymentPostprocessing = 0;
		};
/* End PBXSourcesBuildPhase section */

/* Begin PBXTargetDependency section */
		8332F8BA27DCF0B100F562D0 /* PBXTargetDependency */ = {
			isa = PBXTargetDependency;
			target = 8332F88427DC7CEB00F562D0 /* MovieIOS */;
			targetProxy = 8332F8B927DCF0B100F562D0 /* PBXContainerItemProxy */;
		};
/* End PBXTargetDependency section */

/* Begin PBXVariantGroup section */
		8332F89327DC7CEC00F562D0 /* LaunchScreen.storyboard */ = {
			isa = PBXVariantGroup;
			children = (
				8332F89427DC7CEC00F562D0 /* Base */,
			);
			name = LaunchScreen.storyboard;
			sourceTree = "<group>";
		};
/* End PBXVariantGroup section */

/* Begin XCBuildConfiguration section */
		8332F89727DC7CEC00F562D0 /* Debug */ = {
			isa = XCBuildConfiguration;
			buildSettings = {
				ALWAYS_SEARCH_USER_PATHS = NO;
				CLANG_ANALYZER_NONNULL = YES;
				CLANG_ANALYZER_NUMBER_OBJECT_CONVERSION = YES_AGGRESSIVE;
				CLANG_CXX_LANGUAGE_STANDARD = "gnu++17";
				CLANG_CXX_LIBRARY = "libc++";
				CLANG_ENABLE_MODULES = YES;
				CLANG_ENABLE_OBJC_ARC = YES;
				CLANG_ENABLE_OBJC_WEAK = YES;
				CLANG_WARN_BLOCK_CAPTURE_AUTORELEASING = YES;
				CLANG_WARN_BOOL_CONVERSION = YES;
				CLANG_WARN_COMMA = YES;
				CLANG_WARN_CONSTANT_CONVERSION = YES;
				CLANG_WARN_DEPRECATED_OBJC_IMPLEMENTATIONS = YES;
				CLANG_WARN_DIRECT_OBJC_ISA_USAGE = YES_ERROR;
				CLANG_WARN_DOCUMENTATION_COMMENTS = YES;
				CLANG_WARN_EMPTY_BODY = YES;
				CLANG_WARN_ENUM_CONVERSION = YES;
				CLANG_WARN_INFINITE_RECURSION = YES;
				CLANG_WARN_INT_CONVERSION = YES;
				CLANG_WARN_NON_LITERAL_NULL_CONVERSION = YES;
				CLANG_WARN_OBJC_IMPLICIT_RETAIN_SELF = YES;
				CLANG_WARN_OBJC_LITERAL_CONVERSION = YES;
				CLANG_WARN_OBJC_ROOT_CLASS = YES_ERROR;
				CLANG_WARN_QUOTED_INCLUDE_IN_FRAMEWORK_HEADER = YES;
				CLANG_WARN_RANGE_LOOP_ANALYSIS = YES;
				CLANG_WARN_STRICT_PROTOTYPES = YES;
				CLANG_WARN_SUSPICIOUS_MOVE = YES;
				CLANG_WARN_UNGUARDED_AVAILABILITY = YES_AGGRESSIVE;
				CLANG_WARN_UNREACHABLE_CODE = YES;
				CLANG_WARN__DUPLICATE_METHOD_MATCH = YES;
				COPY_PHASE_STRIP = NO;
				DEBUG_INFORMATION_FORMAT = dwarf;
				ENABLE_STRICT_OBJC_MSGSEND = YES;
				ENABLE_TESTABILITY = YES;
				GCC_C_LANGUAGE_STANDARD = gnu11;
				GCC_DYNAMIC_NO_PIC = NO;
				GCC_NO_COMMON_BLOCKS = YES;
				GCC_OPTIMIZATION_LEVEL = 0;
				GCC_PREPROCESSOR_DEFINITIONS = (
					"DEBUG=1",
					"$(inherited)",
				);
				GCC_WARN_64_TO_32_BIT_CONVERSION = YES;
				GCC_WARN_ABOUT_RETURN_TYPE = YES_ERROR;
				GCC_WARN_UNDECLARED_SELECTOR = YES;
				GCC_WARN_UNINITIALIZED_AUTOS = YES_AGGRESSIVE;
				GCC_WARN_UNUSED_FUNCTION = YES;
				GCC_WARN_UNUSED_VARIABLE = YES;
				IPHONEOS_DEPLOYMENT_TARGET = 15.2;
				MTL_ENABLE_DEBUG_INFO = INCLUDE_SOURCE;
				MTL_FAST_MATH = YES;
				ONLY_ACTIVE_ARCH = YES;
				SDKROOT = iphoneos;
				SWIFT_ACTIVE_COMPILATION_CONDITIONS = DEBUG;
				SWIFT_OPTIMIZATION_LEVEL = "-Onone";
			};
			name = Debug;
		};
		8332F89827DC7CEC00F562D0 /* Release */ = {
			isa = XCBuildConfiguration;
			buildSettings = {
				ALWAYS_SEARCH_USER_PATHS = NO;
				CLANG_ANALYZER_NONNULL = YES;
				CLANG_ANALYZER_NUMBER_OBJECT_CONVERSION = YES_AGGRESSIVE;
				CLANG_CXX_LANGUAGE_STANDARD = "gnu++17";
				CLANG_CXX_LIBRARY = "libc++";
				CLANG_ENABLE_MODULES = YES;
				CLANG_ENABLE_OBJC_ARC = YES;
				CLANG_ENABLE_OBJC_WEAK = YES;
				CLANG_WARN_BLOCK_CAPTURE_AUTORELEASING = YES;
				CLANG_WARN_BOOL_CONVERSION = YES;
				CLANG_WARN_COMMA = YES;
				CLANG_WARN_CONSTANT_CONVERSION = YES;
				CLANG_WARN_DEPRECATED_OBJC_IMPLEMENTATIONS = YES;
				CLANG_WARN_DIRECT_OBJC_ISA_USAGE = YES_ERROR;
				CLANG_WARN_DOCUMENTATION_COMMENTS = YES;
				CLANG_WARN_EMPTY_BODY = YES;
				CLANG_WARN_ENUM_CONVERSION = YES;
				CLANG_WARN_INFINITE_RECURSION = YES;
				CLANG_WARN_INT_CONVERSION = YES;
				CLANG_WARN_NON_LITERAL_NULL_CONVERSION = YES;
				CLANG_WARN_OBJC_IMPLICIT_RETAIN_SELF = YES;
				CLANG_WARN_OBJC_LITERAL_CONVERSION = YES;
				CLANG_WARN_OBJC_ROOT_CLASS = YES_ERROR;
				CLANG_WARN_QUOTED_INCLUDE_IN_FRAMEWORK_HEADER = YES;
				CLANG_WARN_RANGE_LOOP_ANALYSIS = YES;
				CLANG_WARN_STRICT_PROTOTYPES = YES;
				CLANG_WARN_SUSPICIOUS_MOVE = YES;
				CLANG_WARN_UNGUARDED_AVAILABILITY = YES_AGGRESSIVE;
				CLANG_WARN_UNREACHABLE_CODE = YES;
				CLANG_WARN__DUPLICATE_METHOD_MATCH = YES;
				COPY_PHASE_STRIP = NO;
				DEBUG_INFORMATION_FORMAT = "dwarf-with-dsym";
				ENABLE_NS_ASSERTIONS = NO;
				ENABLE_STRICT_OBJC_MSGSEND = YES;
				GCC_C_LANGUAGE_STANDARD = gnu11;
				GCC_NO_COMMON_BLOCKS = YES;
				GCC_WARN_64_TO_32_BIT_CONVERSION = YES;
				GCC_WARN_ABOUT_RETURN_TYPE = YES_ERROR;
				GCC_WARN_UNDECLARED_SELECTOR = YES;
				GCC_WARN_UNINITIALIZED_AUTOS = YES_AGGRESSIVE;
				GCC_WARN_UNUSED_FUNCTION = YES;
				GCC_WARN_UNUSED_VARIABLE = YES;
				IPHONEOS_DEPLOYMENT_TARGET = 15.2;
				MTL_ENABLE_DEBUG_INFO = NO;
				MTL_FAST_MATH = YES;
				SDKROOT = iphoneos;
				SWIFT_COMPILATION_MODE = wholemodule;
				SWIFT_OPTIMIZATION_LEVEL = "-O";
				VALIDATE_PRODUCT = YES;
			};
			name = Release;
		};
		8332F89A27DC7CEC00F562D0 /* Debug */ = {
			isa = XCBuildConfiguration;
			buildSettings = {
				ASSETCATALOG_COMPILER_APPICON_NAME = AppIcon;
				ASSETCATALOG_COMPILER_GLOBAL_ACCENT_COLOR_NAME = AccentColor;
				CODE_SIGN_STYLE = Automatic;
				CURRENT_PROJECT_VERSION = 1;
				DEVELOPMENT_TEAM = 66B8DPX244;
				GENERATE_INFOPLIST_FILE = YES;
				INFOPLIST_FILE = MovieIOS/Info.plist;
				INFOPLIST_KEY_UIApplicationSupportsIndirectInputEvents = YES;
				INFOPLIST_KEY_UILaunchStoryboardName = LaunchScreen;
				INFOPLIST_KEY_UISupportedInterfaceOrientations_iPad = "UIInterfaceOrientationPortrait UIInterfaceOrientationPortraitUpsideDown UIInterfaceOrientationLandscapeLeft UIInterfaceOrientationLandscapeRight";
				INFOPLIST_KEY_UISupportedInterfaceOrientations_iPhone = "UIInterfaceOrientationPortrait UIInterfaceOrientationLandscapeLeft UIInterfaceOrientationLandscapeRight";
				LD_RUNPATH_SEARCH_PATHS = (
					"$(inherited)",
					"@executable_path/Frameworks",
				);
				MARKETING_VERSION = 1.0;
				PRODUCT_BUNDLE_IDENTIFIER = com.tifoaudi.MovieIOS;
				PRODUCT_NAME = "$(TARGET_NAME)";
				SWIFT_EMIT_LOC_STRINGS = YES;
				SWIFT_VERSION = 5.0;
				TARGETED_DEVICE_FAMILY = "1,2";
			};
			name = Debug;
		};
		8332F89B27DC7CEC00F562D0 /* Release */ = {
			isa = XCBuildConfiguration;
			buildSettings = {
				ASSETCATALOG_COMPILER_APPICON_NAME = AppIcon;
				ASSETCATALOG_COMPILER_GLOBAL_ACCENT_COLOR_NAME = AccentColor;
				CODE_SIGN_STYLE = Automatic;
				CURRENT_PROJECT_VERSION = 1;
				DEVELOPMENT_TEAM = 66B8DPX244;
				GENERATE_INFOPLIST_FILE = YES;
				INFOPLIST_FILE = MovieIOS/Info.plist;
				INFOPLIST_KEY_UIApplicationSupportsIndirectInputEvents = YES;
				INFOPLIST_KEY_UILaunchStoryboardName = LaunchScreen;
				INFOPLIST_KEY_UISupportedInterfaceOrientations_iPad = "UIInterfaceOrientationPortrait UIInterfaceOrientationPortraitUpsideDown UIInterfaceOrientationLandscapeLeft UIInterfaceOrientationLandscapeRight";
				INFOPLIST_KEY_UISupportedInterfaceOrientations_iPhone = "UIInterfaceOrientationPortrait UIInterfaceOrientationLandscapeLeft UIInterfaceOrientationLandscapeRight";
				LD_RUNPATH_SEARCH_PATHS = (
					"$(inherited)",
					"@executable_path/Frameworks",
				);
				MARKETING_VERSION = 1.0;
				PRODUCT_BUNDLE_IDENTIFIER = com.tifoaudi.MovieIOS;
				PRODUCT_NAME = "$(TARGET_NAME)";
				SWIFT_EMIT_LOC_STRINGS = YES;
				SWIFT_VERSION = 5.0;
				TARGETED_DEVICE_FAMILY = "1,2";
			};
			name = Release;
		};
		8332F8BC27DCF0B100F562D0 /* Debug */ = {
			isa = XCBuildConfiguration;
			buildSettings = {
				BUNDLE_LOADER = "$(TEST_HOST)";
				CLANG_ENABLE_MODULES = YES;
				CODE_SIGN_STYLE = Automatic;
				CURRENT_PROJECT_VERSION = 1;
				DEVELOPMENT_TEAM = 66B8DPX244;
				GENERATE_INFOPLIST_FILE = YES;
				LD_RUNPATH_SEARCH_PATHS = (
					"$(inherited)",
					"@executable_path/Frameworks",
					"@loader_path/Frameworks",
				);
				MARKETING_VERSION = 1.0;
				PRODUCT_BUNDLE_IDENTIFIER = com.tifoaudi.MovieIOSTests;
				PRODUCT_NAME = "$(TARGET_NAME)";
				SWIFT_EMIT_LOC_STRINGS = NO;
				SWIFT_OPTIMIZATION_LEVEL = "-Onone";
				SWIFT_VERSION = 5.0;
				TARGETED_DEVICE_FAMILY = "1,2";
				TEST_HOST = "$(BUILT_PRODUCTS_DIR)/MovieIOS.app/MovieIOS";
			};
			name = Debug;
		};
		8332F8BD27DCF0B100F562D0 /* Release */ = {
			isa = XCBuildConfiguration;
			buildSettings = {
				BUNDLE_LOADER = "$(TEST_HOST)";
				CLANG_ENABLE_MODULES = YES;
				CODE_SIGN_STYLE = Automatic;
				CURRENT_PROJECT_VERSION = 1;
				DEVELOPMENT_TEAM = 66B8DPX244;
				GENERATE_INFOPLIST_FILE = YES;
				LD_RUNPATH_SEARCH_PATHS = (
					"$(inherited)",
					"@executable_path/Frameworks",
					"@loader_path/Frameworks",
				);
				MARKETING_VERSION = 1.0;
				PRODUCT_BUNDLE_IDENTIFIER = com.tifoaudi.MovieIOSTests;
				PRODUCT_NAME = "$(TARGET_NAME)";
				SWIFT_EMIT_LOC_STRINGS = NO;
				SWIFT_VERSION = 5.0;
				TARGETED_DEVICE_FAMILY = "1,2";
				TEST_HOST = "$(BUILT_PRODUCTS_DIR)/MovieIOS.app/MovieIOS";
			};
			name = Release;
		};
/* End XCBuildConfiguration section */

/* Begin XCConfigurationList section */
		8332F88027DC7CEB00F562D0 /* Build configuration list for PBXProject "MovieIOS" */ = {
			isa = XCConfigurationList;
			buildConfigurations = (
				8332F89727DC7CEC00F562D0 /* Debug */,
				8332F89827DC7CEC00F562D0 /* Release */,
			);
			defaultConfigurationIsVisible = 0;
			defaultConfigurationName = Release;
		};
		8332F89927DC7CEC00F562D0 /* Build configuration list for PBXNativeTarget "MovieIOS" */ = {
			isa = XCConfigurationList;
			buildConfigurations = (
				8332F89A27DC7CEC00F562D0 /* Debug */,
				8332F89B27DC7CEC00F562D0 /* Release */,
			);
			defaultConfigurationIsVisible = 0;
			defaultConfigurationName = Release;
		};
		8332F8BB27DCF0B100F562D0 /* Build configuration list for PBXNativeTarget "MovieIOSTests" */ = {
			isa = XCConfigurationList;
			buildConfigurations = (
				8332F8BC27DCF0B100F562D0 /* Debug */,
				8332F8BD27DCF0B100F562D0 /* Release */,
			);
			defaultConfigurationIsVisible = 0;
			defaultConfigurationName = Release;
		};
/* End XCConfigurationList section */

/* Begin XCSwiftPackageProductDependency section */
		83D3B29327DD8E5E00B68997 /* Domain */ = {
			isa = XCSwiftPackageProductDependency;
			productName = Domain;
		};
		83D3B29527DD910800B68997 /* Service */ = {
			isa = XCSwiftPackageProductDependency;
			productName = Service;
		};
		83D3B29F27DDAA8000B68997 /* MovieList */ = {
			isa = XCSwiftPackageProductDependency;
			productName = MovieList;
		};
/* End XCSwiftPackageProductDependency section */
	};
	rootObject = 8332F87D27DC7CEB00F562D0 /* Project object */;
}
